// !$*UTF8*$!
{
	archiveVersion = 1;
	classes = {
	};
	objectVersion = 46;
	objects = {

/* Begin PBXBuildFile section */
		F9EE9BE7166183EC00A1EE91 /* UIKit.framework in Frameworks */ = {isa = PBXBuildFile; fileRef = F9EE9BE6166183EC00A1EE91 /* UIKit.framework */; };
		F9EE9BE9166183EC00A1EE91 /* Foundation.framework in Frameworks */ = {isa = PBXBuildFile; fileRef = F9EE9BE8166183EC00A1EE91 /* Foundation.framework */; };
		F9EE9BEB166183EC00A1EE91 /* CoreGraphics.framework in Frameworks */ = {isa = PBXBuildFile; fileRef = F9EE9BEA166183EC00A1EE91 /* CoreGraphics.framework */; };
		F9EE9BF1166183EC00A1EE91 /* InfoPlist.strings in Resources */ = {isa = PBXBuildFile; fileRef = F9EE9BEF166183EC00A1EE91 /* InfoPlist.strings */; };
		F9EE9BF3166183EC00A1EE91 /* main.m in Sources */ = {isa = PBXBuildFile; fileRef = F9EE9BF2166183EC00A1EE91 /* main.m */; };
		F9EE9BF7166183EC00A1EE91 /* AppDelegate.m in Sources */ = {isa = PBXBuildFile; fileRef = F9EE9BF6166183EC00A1EE91 /* AppDelegate.m */; };
		F9EE9BF9166183EC00A1EE91 /* Default.png in Resources */ = {isa = PBXBuildFile; fileRef = F9EE9BF8166183EC00A1EE91 /* Default.png */; };
		F9EE9BFB166183EC00A1EE91 /* Default@2x.png in Resources */ = {isa = PBXBuildFile; fileRef = F9EE9BFA166183EC00A1EE91 /* Default@2x.png */; };
		F9EE9BFD166183EC00A1EE91 /* Default-568h@2x.png in Resources */ = {isa = PBXBuildFile; fileRef = F9EE9BFC166183EC00A1EE91 /* Default-568h@2x.png */; };
		F9EE9C00166183EC00A1EE91 /* MainStoryboard.storyboard in Resources */ = {isa = PBXBuildFile; fileRef = F9EE9BFE166183EC00A1EE91 /* MainStoryboard.storyboard */; };
		F9EE9C03166183EC00A1EE91 /* ViewController.m in Sources */ = {isa = PBXBuildFile; fileRef = F9EE9C02166183EC00A1EE91 /* ViewController.m */; };
		F9EE9C0B166183EC00A1EE91 /* SenTestingKit.framework in Frameworks */ = {isa = PBXBuildFile; fileRef = F9EE9C0A166183EC00A1EE91 /* SenTestingKit.framework */; };
		F9EE9C0C166183EC00A1EE91 /* UIKit.framework in Frameworks */ = {isa = PBXBuildFile; fileRef = F9EE9BE6166183EC00A1EE91 /* UIKit.framework */; };
		F9EE9C0D166183EC00A1EE91 /* Foundation.framework in Frameworks */ = {isa = PBXBuildFile; fileRef = F9EE9BE8166183EC00A1EE91 /* Foundation.framework */; };
		F9EE9C15166183EC00A1EE91 /* InfoPlist.strings in Resources */ = {isa = PBXBuildFile; fileRef = F9EE9C13166183EC00A1EE91 /* InfoPlist.strings */; };
		F9EE9C18166183EC00A1EE91 /* testGitHubTests.m in Sources */ = {isa = PBXBuildFile; fileRef = F9EE9C17166183EC00A1EE91 /* testGitHubTests.m */; };
/* End PBXBuildFile section */

/* Begin PBXContainerItemProxy section */
		F9EE9C0E166183EC00A1EE91 /* PBXContainerItemProxy */ = {
			isa = PBXContainerItemProxy;
			containerPortal = F9EE9BD9166183EC00A1EE91 /* Project object */;
			proxyType = 1;
			remoteGlobalIDString = F9EE9BE1166183EC00A1EE91;
			remoteInfo = testGitHub;
		};
/* End PBXContainerItemProxy section */

/* Begin PBXFileReference section */
		F9EE9BE2166183EC00A1EE91 /* testGitHub.app */ = {isa = PBXFileReference; explicitFileType = wrapper.application; includeInIndex = 0; path = testGitHub.app; sourceTree = BUILT_PRODUCTS_DIR; };
		F9EE9BE6166183EC00A1EE91 /* UIKit.framework */ = {isa = PBXFileReference; lastKnownFileType = wrapper.framework; name = UIKit.framework; path = System/Library/Frameworks/UIKit.framework; sourceTree = SDKROOT; };
		F9EE9BE8166183EC00A1EE91 /* Foundation.framework */ = {isa = PBXFileReference; lastKnownFileType = wrapper.framework; name = Foundation.framework; path = System/Library/Frameworks/Foundation.framework; sourceTree = SDKROOT; };
		F9EE9BEA166183EC00A1EE91 /* CoreGraphics.framework */ = {isa = PBXFileReference; lastKnownFileType = wrapper.framework; name = CoreGraphics.framework; path = System/Library/Frameworks/CoreGraphics.framework; sourceTree = SDKROOT; };
		F9EE9BEE166183EC00A1EE91 /* testGitHub-Info.plist */ = {isa = PBXFileReference; lastKnownFileType = text.plist.xml; path = "testGitHub-Info.plist"; sourceTree = "<group>"; };
		F9EE9BF0166183EC00A1EE91 /* en */ = {isa = PBXFileReference; lastKnownFileType = text.plist.strings; name = en; path = en.lproj/InfoPlist.strings; sourceTree = "<group>"; };
		F9EE9BF2166183EC00A1EE91 /* main.m */ = {isa = PBXFileReference; lastKnownFileType = sourcecode.c.objc; path = main.m; sourceTree = "<group>"; };
		F9EE9BF4166183EC00A1EE91 /* testGitHub-Prefix.pch */ = {isa = PBXFileReference; lastKnownFileType = sourcecode.c.h; path = "testGitHub-Prefix.pch"; sourceTree = "<group>"; };
		F9EE9BF5166183EC00A1EE91 /* AppDelegate.h */ = {isa = PBXFileReference; lastKnownFileType = sourcecode.c.h; path = AppDelegate.h; sourceTree = "<group>"; };
		F9EE9BF6166183EC00A1EE91 /* AppDelegate.m */ = {isa = PBXFileReference; lastKnownFileType = sourcecode.c.objc; path = AppDelegate.m; sourceTree = "<group>"; };
		F9EE9BF8166183EC00A1EE91 /* Default.png */ = {isa = PBXFileReference; lastKnownFileType = image.png; path = Default.png; sourceTree = "<group>"; };
		F9EE9BFA166183EC00A1EE91 /* Default@2x.png */ = {isa = PBXFileReference; lastKnownFileType = image.png; path = "Default@2x.png"; sourceTree = "<group>"; };
		F9EE9BFC166183EC00A1EE91 /* Default-568h@2x.png */ = {isa = PBXFileReference; lastKnownFileType = image.png; path = "Default-568h@2x.png"; sourceTree = "<group>"; };
		F9EE9BFF166183EC00A1EE91 /* en */ = {isa = PBXFileReference; lastKnownFileType = file.storyboard; name = en; path = en.lproj/MainStoryboard.storyboard; sourceTree = "<group>"; };
		F9EE9C01166183EC00A1EE91 /* ViewController.h */ = {isa = PBXFileReference; lastKnownFileType = sourcecode.c.h; path = ViewController.h; sourceTree = "<group>"; };
		F9EE9C02166183EC00A1EE91 /* ViewController.m */ = {isa = PBXFileReference; lastKnownFileType = sourcecode.c.objc; path = ViewController.m; sourceTree = "<group>"; };
		F9EE9C09166183EC00A1EE91 /* testGitHubTests.octest */ = {isa = PBXFileReference; explicitFileType = wrapper.cfbundle; includeInIndex = 0; path = testGitHubTests.octest; sourceTree = BUILT_PRODUCTS_DIR; };
		F9EE9C0A166183EC00A1EE91 /* SenTestingKit.framework */ = {isa = PBXFileReference; lastKnownFileType = wrapper.framework; name = SenTestingKit.framework; path = Library/Frameworks/SenTestingKit.framework; sourceTree = DEVELOPER_DIR; };
		F9EE9C12166183EC00A1EE91 /* testGitHubTests-Info.plist */ = {isa = PBXFileReference; lastKnownFileType = text.plist.xml; path = "testGitHubTests-Info.plist"; sourceTree = "<group>"; };
		F9EE9C14166183EC00A1EE91 /* en */ = {isa = PBXFileReference; lastKnownFileType = text.plist.strings; name = en; path = en.lproj/InfoPlist.strings; sourceTree = "<group>"; };
		F9EE9C16166183EC00A1EE91 /* testGitHubTests.h */ = {isa = PBXFileReference; lastKnownFileType = sourcecode.c.h; path = testGitHubTests.h; sourceTree = "<group>"; };
		F9EE9C17166183EC00A1EE91 /* testGitHubTests.m */ = {isa = PBXFileReference; lastKnownFileType = sourcecode.c.objc; path = testGitHubTests.m; sourceTree = "<group>"; };
/* End PBXFileReference section */

/* Begin PBXFrameworksBuildPhase section */
		F9EE9BDF166183EC00A1EE91 /* Frameworks */ = {
			isa = PBXFrameworksBuildPhase;
			buildActionMask = 2147483647;
			files = (
				F9EE9BE7166183EC00A1EE91 /* UIKit.framework in Frameworks */,
				F9EE9BE9166183EC00A1EE91 /* Foundation.framework in Frameworks */,
				F9EE9BEB166183EC00A1EE91 /* CoreGraphics.framework in Frameworks */,
			);
			runOnlyForDeploymentPostprocessing = 0;
		};
		F9EE9C05166183EC00A1EE91 /* Frameworks */ = {
			isa = PBXFrameworksBuildPhase;
			buildActionMask = 2147483647;
			files = (
				F9EE9C0B166183EC00A1EE91 /* SenTestingKit.framework in Frameworks */,
				F9EE9C0C166183EC00A1EE91 /* UIKit.framework in Frameworks */,
				F9EE9C0D166183EC00A1EE91 /* Foundation.framework in Frameworks */,
			);
			runOnlyForDeploymentPostprocessing = 0;
		};
/* End PBXFrameworksBuildPhase section */

/* Begin PBXGroup section */
		F9EE9BD7166183EC00A1EE91 = {
			isa = PBXGroup;
			children = (
				F9EE9BEC166183EC00A1EE91 /* testGitHub */,
				F9EE9C10166183EC00A1EE91 /* testGitHubTests */,
				F9EE9BE5166183EC00A1EE91 /* Frameworks */,
				F9EE9BE3166183EC00A1EE91 /* Products */,
			);
			sourceTree = "<group>";
		};
		F9EE9BE3166183EC00A1EE91 /* Products */ = {
			isa = PBXGroup;
			children = (
				F9EE9BE2166183EC00A1EE91 /* testGitHub.app */,
				F9EE9C09166183EC00A1EE91 /* testGitHubTests.octest */,
			);
			name = Products;
			sourceTree = "<group>";
		};
		F9EE9BE5166183EC00A1EE91 /* Frameworks */ = {
			isa = PBXGroup;
			children = (
				F9EE9BE6166183EC00A1EE91 /* UIKit.framework */,
				F9EE9BE8166183EC00A1EE91 /* Foundation.framework */,
				F9EE9BEA166183EC00A1EE91 /* CoreGraphics.framework */,
				F9EE9C0A166183EC00A1EE91 /* SenTestingKit.framework */,
			);
			name = Frameworks;
			sourceTree = "<group>";
		};
		F9EE9BEC166183EC00A1EE91 /* testGitHub */ = {
			isa = PBXGroup;
			children = (
				F9EE9BF5166183EC00A1EE91 /* AppDelegate.h */,
				F9EE9BF6166183EC00A1EE91 /* AppDelegate.m */,
				F9EE9BFE166183EC00A1EE91 /* MainStoryboard.storyboard */,
				F9EE9C01166183EC00A1EE91 /* ViewController.h */,
				F9EE9C02166183EC00A1EE91 /* ViewController.m */,
				F9EE9BED166183EC00A1EE91 /* Supporting Files */,
			);
			path = testGitHub;
			sourceTree = "<group>";
		};
		F9EE9BED166183EC00A1EE91 /* Supporting Files */ = {
			isa = PBXGroup;
			children = (
				F9EE9BEE166183EC00A1EE91 /* testGitHub-Info.plist */,
				F9EE9BEF166183EC00A1EE91 /* InfoPlist.strings */,
				F9EE9BF2166183EC00A1EE91 /* main.m */,
				F9EE9BF4166183EC00A1EE91 /* testGitHub-Prefix.pch */,
				F9EE9BF8166183EC00A1EE91 /* Default.png */,
				F9EE9BFA166183EC00A1EE91 /* Default@2x.png */,
				F9EE9BFC166183EC00A1EE91 /* Default-568h@2x.png */,
			);
			name = "Supporting Files";
			sourceTree = "<group>";
		};
		F9EE9C10166183EC00A1EE91 /* testGitHubTests */ = {
			isa = PBXGroup;
			children = (
				F9EE9C16166183EC00A1EE91 /* testGitHubTests.h */,
				F9EE9C17166183EC00A1EE91 /* testGitHubTests.m */,
				F9EE9C11166183EC00A1EE91 /* Supporting Files */,
			);
			path = testGitHubTests;
			sourceTree = "<group>";
		};
		F9EE9C11166183EC00A1EE91 /* Supporting Files */ = {
			isa = PBXGroup;
			children = (
				F9EE9C12166183EC00A1EE91 /* testGitHubTests-Info.plist */,
				F9EE9C13166183EC00A1EE91 /* InfoPlist.strings */,
			);
			name = "Supporting Files";
			sourceTree = "<group>";
		};
/* End PBXGroup section */

/* Begin PBXNativeTarget section */
		F9EE9BE1166183EC00A1EE91 /* testGitHub */ = {
			isa = PBXNativeTarget;
			buildConfigurationList = F9EE9C1B166183EC00A1EE91 /* Build configuration list for PBXNativeTarget "testGitHub" */;
			buildPhases = (
				F9EE9BDE166183EC00A1EE91 /* Sources */,
				F9EE9BDF166183EC00A1EE91 /* Frameworks */,
				F9EE9BE0166183EC00A1EE91 /* Resources */,
			);
			buildRules = (
			);
			dependencies = (
			);
			name = testGitHub;
			productName = testGitHub;
			productReference = F9EE9BE2166183EC00A1EE91 /* testGitHub.app */;
			productType = "com.apple.product-type.application";
		};
		F9EE9C08166183EC00A1EE91 /* testGitHubTests */ = {
			isa = PBXNativeTarget;
			buildConfigurationList = F9EE9C1E166183EC00A1EE91 /* Build configuration list for PBXNativeTarget "testGitHubTests" */;
			buildPhases = (
				F9EE9C04166183EC00A1EE91 /* Sources */,
				F9EE9C05166183EC00A1EE91 /* Frameworks */,
				F9EE9C06166183EC00A1EE91 /* Resources */,
				F9EE9C07166183EC00A1EE91 /* ShellScript */,
			);
			buildRules = (
			);
			dependencies = (
				F9EE9C0F166183EC00A1EE91 /* PBXTargetDependency */,
			);
			name = testGitHubTests;
			productName = testGitHubTests;
			productReference = F9EE9C09166183EC00A1EE91 /* testGitHubTests.octest */;
			productType = "com.apple.product-type.bundle";
		};
/* End PBXNativeTarget section */

/* Begin PBXProject section */
		F9EE9BD9166183EC00A1EE91 /* Project object */ = {
			isa = PBXProject;
			attributes = {
				LastUpgradeCheck = 0450;
				ORGANIZATIONNAME = "Consultores de Software Evolutivo";
			};
			buildConfigurationList = F9EE9BDC166183EC00A1EE91 /* Build configuration list for PBXProject "testGitHub" */;
			compatibilityVersion = "Xcode 3.2";
			developmentRegion = English;
			hasScannedForEncodings = 0;
			knownRegions = (
				en,
			);
			mainGroup = F9EE9BD7166183EC00A1EE91;
			productRefGroup = F9EE9BE3166183EC00A1EE91 /* Products */;
			projectDirPath = "";
			projectRoot = "";
			targets = (
				F9EE9BE1166183EC00A1EE91 /* testGitHub */,
				F9EE9C08166183EC00A1EE91 /* testGitHubTests */,
			);
		};
/* End PBXProject section */

/* Begin PBXResourcesBuildPhase section */
		F9EE9BE0166183EC00A1EE91 /* Resources */ = {
			isa = PBXResourcesBuildPhase;
			buildActionMask = 2147483647;
			files = (
				F9EE9BF1166183EC00A1EE91 /* InfoPlist.strings in Resources */,
				F9EE9BF9166183EC00A1EE91 /* Default.png in Resources */,
				F9EE9BFB166183EC00A1EE91 /* Default@2x.png in Resources */,
				F9EE9BFD166183EC00A1EE91 /* Default-568h@2x.png in Resources */,
				F9EE9C00166183EC00A1EE91 /* MainStoryboard.storyboard in Resources */,
			);
			runOnlyForDeploymentPostprocessing = 0;
		};
		F9EE9C06166183EC00A1EE91 /* Resources */ = {
			isa = PBXResourcesBuildPhase;
			buildActionMask = 2147483647;
			files = (
				F9EE9C15166183EC00A1EE91 /* InfoPlist.strings in Resources */,
			);
			runOnlyForDeploymentPostprocessing = 0;
		};
/* End PBXResourcesBuildPhase section */

/* Begin PBXShellScriptBuildPhase section */
		F9EE9C07166183EC00A1EE91 /* ShellScript */ = {
			isa = PBXShellScriptBuildPhase;
			buildActionMask = 2147483647;
			files = (
			);
			inputPaths = (
			);
			outputPaths = (
			);
			runOnlyForDeploymentPostprocessing = 0;
			shellPath = /bin/sh;
			shellScript = "# Run the unit tests in this test bundle.\n\"${SYSTEM_DEVELOPER_DIR}/Tools/RunUnitTests\"\n";
		};
/* End PBXShellScriptBuildPhase section */

/* Begin PBXSourcesBuildPhase section */
		F9EE9BDE166183EC00A1EE91 /* Sources */ = {
			isa = PBXSourcesBuildPhase;
			buildActionMask = 2147483647;
			files = (
				F9EE9BF3166183EC00A1EE91 /* main.m in Sources */,
				F9EE9BF7166183EC00A1EE91 /* AppDelegate.m in Sources */,
				F9EE9C03166183EC00A1EE91 /* ViewController.m in Sources */,
			);
			runOnlyForDeploymentPostprocessing = 0;
		};
		F9EE9C04166183EC00A1EE91 /* Sources */ = {
			isa = PBXSourcesBuildPhase;
			buildActionMask = 2147483647;
			files = (
				F9EE9C18166183EC00A1EE91 /* testGitHubTests.m in Sources */,
			);
			runOnlyForDeploymentPostprocessing = 0;
		};
/* End PBXSourcesBuildPhase section */

/* Begin PBXTargetDependency section */
		F9EE9C0F166183EC00A1EE91 /* PBXTargetDependency */ = {
			isa = PBXTargetDependency;
			target = F9EE9BE1166183EC00A1EE91 /* testGitHub */;
			targetProxy = F9EE9C0E166183EC00A1EE91 /* PBXContainerItemProxy */;
		};
/* End PBXTargetDependency section */

/* Begin PBXVariantGroup section */
		F9EE9BEF166183EC00A1EE91 /* InfoPlist.strings */ = {
			isa = PBXVariantGroup;
			children = (
				F9EE9BF0166183EC00A1EE91 /* en */,
			);
			name = InfoPlist.strings;
			sourceTree = "<group>";
		};
		F9EE9BFE166183EC00A1EE91 /* MainStoryboard.storyboard */ = {
			isa = PBXVariantGroup;
			children = (
				F9EE9BFF166183EC00A1EE91 /* en */,
			);
			name = MainStoryboard.storyboard;
			sourceTree = "<group>";
		};
		F9EE9C13166183EC00A1EE91 /* InfoPlist.strings */ = {
			isa = PBXVariantGroup;
			children = (
				F9EE9C14166183EC00A1EE91 /* en */,
			);
			name = InfoPlist.strings;
			sourceTree = "<group>";
		};
/* End PBXVariantGroup section */

/* Begin XCBuildConfiguration section */
		F9EE9C19166183EC00A1EE91 /* Debug */ = {
			isa = XCBuildConfiguration;
			buildSettings = {
				ALWAYS_SEARCH_USER_PATHS = NO;
				CLANG_CXX_LANGUAGE_STANDARD = "gnu++0x";
				CLANG_CXX_LIBRARY = "libc++";
				CLANG_ENABLE_OBJC_ARC = YES;
				CLANG_WARN_EMPTY_BODY = YES;
				CLANG_WARN__DUPLICATE_METHOD_MATCH = YES;
				"CODE_SIGN_IDENTITY[sdk=iphoneos*]" = "iPhone Developer";
				COPY_PHASE_STRIP = NO;
				GCC_C_LANGUAGE_STANDARD = gnu99;
				GCC_DYNAMIC_NO_PIC = NO;
				GCC_OPTIMIZATION_LEVEL = 0;
				GCC_PREPROCESSOR_DEFINITIONS = (
					"DEBUG=1",
					"$(inherited)",
				);
				GCC_SYMBOLS_PRIVATE_EXTERN = NO;
				GCC_WARN_ABOUT_RETURN_TYPE = YES;
				GCC_WARN_UNINITIALIZED_AUTOS = YES;
				GCC_WARN_UNUSED_VARIABLE = YES;
				IPHONEOS_DEPLOYMENT_TARGET = 6.0;
				ONLY_ACTIVE_ARCH = YES;
				SDKROOT = iphoneos;
			};
			name = Debug;
		};
		F9EE9C1A166183EC00A1EE91 /* Release */ = {
			isa = XCBuildConfiguration;
			buildSettings = {
				ALWAYS_SEARCH_USER_PATHS = NO;
				CLANG_CXX_LANGUAGE_STANDARD = "gnu++0x";
				CLANG_CXX_LIBRARY = "libc++";
				CLANG_ENABLE_OBJC_ARC = YES;
				CLANG_WARN_EMPTY_BODY = YES;
				CLANG_WARN__DUPLICATE_METHOD_MATCH = YES;
				"CODE_SIGN_IDENTITY[sdk=iphoneos*]" = "iPhone Developer";
				COPY_PHASE_STRIP = YES;
				GCC_C_LANGUAGE_STANDARD = gnu99;
				GCC_WARN_ABOUT_RETURN_TYPE = YES;
				GCC_WARN_UNINITIALIZED_AUTOS = YES;
				GCC_WARN_UNUSED_VARIABLE = YES;
				IPHONEOS_DEPLOYMENT_TARGET = 6.0;
				OTHER_CFLAGS = "-DNS_BLOCK_ASSERTIONS=1";
				SDKROOT = iphoneos;
				VALIDATE_PRODUCT = YES;
			};
			name = Release;
		};
		F9EE9C1C166183EC00A1EE91 /* Debug */ = {
			isa = XCBuildConfiguration;
			buildSettings = {
				GCC_PRECOMPILE_PREFIX_HEADER = YES;
				GCC_PREFIX_HEADER = "testGitHub/testGitHub-Prefix.pch";
				INFOPLIST_FILE = "testGitHub/testGitHub-Info.plist";
				PRODUCT_NAME = "$(TARGET_NAME)";
				WRAPPER_EXTENSION = app;
			};
			name = Debug;
		};
		F9EE9C1D166183EC00A1EE91 /* Release */ = {
			isa = XCBuildConfiguration;
			buildSettings = {
				GCC_PRECOMPILE_PREFIX_HEADER = YES;
				GCC_PREFIX_HEADER = "testGitHub/testGitHub-Prefix.pch";
				INFOPLIST_FILE = "testGitHub/testGitHub-Info.plist";
				PRODUCT_NAME = "$(TARGET_NAME)";
				WRAPPER_EXTENSION = app;
			};
			name = Release;
		};
		F9EE9C1F166183EC00A1EE91 /* Debug */ = {
			isa = XCBuildConfiguration;
			buildSettings = {
				BUNDLE_LOADER = "$(BUILT_PRODUCTS_DIR)/testGitHub.app/testGitHub";
				FRAMEWORK_SEARCH_PATHS = (
					"\"$(SDKROOT)/Developer/Library/Frameworks\"",
					"\"$(DEVELOPER_LIBRARY_DIR)/Frameworks\"",
				);
				GCC_PRECOMPILE_PREFIX_HEADER = YES;
				GCC_PREFIX_HEADER = "testGitHub/testGitHub-Prefix.pch";
				INFOPLIST_FILE = "testGitHubTests/testGitHubTests-Info.plist";
				PRODUCT_NAME = "$(TARGET_NAME)";
				TEST_HOST = "$(BUNDLE_LOADER)";
				WRAPPER_EXTENSION = octest;
			};
			name = Debug;
		};
		F9EE9C20166183EC00A1EE91 /* Release */ = {
			isa = XCBuildConfiguration;
			buildSettings = {
				BUNDLE_LOADER = "$(BUILT_PRODUCTS_DIR)/testGitHub.app/testGitHub";
				FRAMEWORK_SEARCH_PATHS = (
					"\"$(SDKROOT)/Developer/Library/Frameworks\"",
					"\"$(DEVELOPER_LIBRARY_DIR)/Frameworks\"",
				);
				GCC_PRECOMPILE_PREFIX_HEADER = YES;
				GCC_PREFIX_HEADER = "testGitHub/testGitHub-Prefix.pch";
				INFOPLIST_FILE = "testGitHubTests/testGitHubTests-Info.plist";
				PRODUCT_NAME = "$(TARGET_NAME)";
				TEST_HOST = "$(BUNDLE_LOADER)";
				WRAPPER_EXTENSION = octest;
			};
			name = Release;
		};
/* End XCBuildConfiguration section */

/* Begin XCConfigurationList section */
		F9EE9BDC166183EC00A1EE91 /* Build configuration list for PBXProject "testGitHub" */ = {
			isa = XCConfigurationList;
			buildConfigurations = (
				F9EE9C19166183EC00A1EE91 /* Debug */,
				F9EE9C1A166183EC00A1EE91 /* Release */,
			);
			defaultConfigurationIsVisible = 0;
			defaultConfigurationName = Release;
		};
		F9EE9C1B166183EC00A1EE91 /* Build configuration list for PBXNativeTarget "testGitHub" */ = {
			isa = XCConfigurationList;
			buildConfigurations = (
				F9EE9C1C166183EC00A1EE91 /* Debug */,
				F9EE9C1D166183EC00A1EE91 /* Release */,
			);
			defaultConfigurationIsVisible = 0;
		};
		F9EE9C1E166183EC00A1EE91 /* Build configuration list for PBXNativeTarget "testGitHubTests" */ = {
			isa = XCConfigurationList;
			buildConfigurations = (
				F9EE9C1F166183EC00A1EE91 /* Debug */,
				F9EE9C20166183EC00A1EE91 /* Release */,
			);
			defaultConfigurationIsVisible = 0;
		};
/* End XCConfigurationList section */
	};
	rootObject = F9EE9BD9166183EC00A1EE91 /* Project object */;
}
